// !$*UTF8*$!
{
	archiveVersion = 1;
	classes = {
	};
	objectVersion = 55;
	objects = {

/* Begin PBXBuildFile section */
		B31EB658289C13F0003658AF /* ProfileSummary.swift in Sources */ = {isa = PBXBuildFile; fileRef = B31EB657289C13F0003658AF /* ProfileSummary.swift */; };
		B323D99C2896622500E6BBF7 /* FavoriteButton.swift in Sources */ = {isa = PBXBuildFile; fileRef = B323D99B2896622500E6BBF7 /* FavoriteButton.swift */; };
		B33B620428A6C5EE002055E5 /* LandmarkCommands.swift in Sources */ = {isa = PBXBuildFile; fileRef = B33B620328A6C5EE002055E5 /* LandmarkCommands.swift */; };
		B33B620528A6C5EE002055E5 /* LandmarkCommands.swift in Sources */ = {isa = PBXBuildFile; fileRef = B33B620328A6C5EE002055E5 /* LandmarkCommands.swift */; };
		B33B620A28A6FE28002055E5 /* LandmarkSettings.swift in Sources */ = {isa = PBXBuildFile; fileRef = B33B620928A6FE28002055E5 /* LandmarkSettings.swift */; };
		B33E9121289764FE0034072E /* HexagonParametes.swift in Sources */ = {isa = PBXBuildFile; fileRef = B33E9120289764FE0034072E /* HexagonParametes.swift */; };
		B3478716289993B9004A1A6C /* BadgeSymbol.swift in Sources */ = {isa = PBXBuildFile; fileRef = B3478715289993B9004A1A6C /* BadgeSymbol.swift */; };
		B3478718289993E1004A1A6C /* RotatedBadgeSymbol.swift in Sources */ = {isa = PBXBuildFile; fileRef = B3478717289993E1004A1A6C /* RotatedBadgeSymbol.swift */; };
		B347871A28999454004A1A6C /* Badge.swift in Sources */ = {isa = PBXBuildFile; fileRef = B347871928999454004A1A6C /* Badge.swift */; };
		B347871D289995CA004A1A6C /* hikeData.json in Resources */ = {isa = PBXBuildFile; fileRef = B347871C289995CA004A1A6C /* hikeData.json */; };
		B347871F289995F0004A1A6C /* Hike.swift in Sources */ = {isa = PBXBuildFile; fileRef = B347871E289995F0004A1A6C /* Hike.swift */; };
		B347872528999D40004A1A6C /* GraphCapsule.swift in Sources */ = {isa = PBXBuildFile; fileRef = B347872128999D40004A1A6C /* GraphCapsule.swift */; };
		B347872628999D40004A1A6C /* HikeGraph.swift in Sources */ = {isa = PBXBuildFile; fileRef = B347872228999D40004A1A6C /* HikeGraph.swift */; };
		B347872728999D40004A1A6C /* HikeDetail.swift in Sources */ = {isa = PBXBuildFile; fileRef = B347872328999D40004A1A6C /* HikeDetail.swift */; };
		B347872828999D40004A1A6C /* HikeView.swift in Sources */ = {isa = PBXBuildFile; fileRef = B347872428999D40004A1A6C /* HikeView.swift */; };
		B347872F289AC1A8004A1A6C /* CategoryHome.swift in Sources */ = {isa = PBXBuildFile; fileRef = B347872E289AC1A8004A1A6C /* CategoryHome.swift */; };
		B3478731289AD514004A1A6C /* CategoryRow.swift in Sources */ = {isa = PBXBuildFile; fileRef = B3478730289AD514004A1A6C /* CategoryRow.swift */; };
		B3478733289AD837004A1A6C /* CategoryItem.swift in Sources */ = {isa = PBXBuildFile; fileRef = B3478732289AD837004A1A6C /* CategoryItem.swift */; };
		B3478869289EDB5D00E2D8B7 /* ProfileEditor.swift in Sources */ = {isa = PBXBuildFile; fileRef = B3478868289EDB5D00E2D8B7 /* ProfileEditor.swift */; };
		B347886E289EF6D300E2D8B7 /* PageViewController.swift in Sources */ = {isa = PBXBuildFile; fileRef = B347886D289EF6D300E2D8B7 /* PageViewController.swift */; };
		B347887228A01BAC00E2D8B7 /* FeatureCard.swift in Sources */ = {isa = PBXBuildFile; fileRef = B347887128A01BAC00E2D8B7 /* FeatureCard.swift */; };
		B347887628A021D300E2D8B7 /* PageView.swift in Sources */ = {isa = PBXBuildFile; fileRef = B347887528A021D300E2D8B7 /* PageView.swift */; };
		B36D171E289B906400A6E769 /* Profile.swift in Sources */ = {isa = PBXBuildFile; fileRef = B36D171D289B906400A6E769 /* Profile.swift */; };
		B36D1723289B90FB00A6E769 /* ProfileHost.swift in Sources */ = {isa = PBXBuildFile; fileRef = B36D1722289B90FB00A6E769 /* ProfileHost.swift */; };
		B3741D5D2894FBCC007537D6 /* PruebaApp.swift in Sources */ = {isa = PBXBuildFile; fileRef = B3741D5C2894FBCC007537D6 /* PruebaApp.swift */; };
		B3741D5F2894FBCC007537D6 /* ContentView.swift in Sources */ = {isa = PBXBuildFile; fileRef = B3741D5E2894FBCC007537D6 /* ContentView.swift */; };
		B3741D612894FBCC007537D6 /* Assets.xcassets in Resources */ = {isa = PBXBuildFile; fileRef = B3741D602894FBCC007537D6 /* Assets.xcassets */; };
		B3741D642894FBCC007537D6 /* Preview Assets.xcassets in Resources */ = {isa = PBXBuildFile; fileRef = B3741D632894FBCC007537D6 /* Preview Assets.xcassets */; };
		B3741D6E2894FBCC007537D6 /* PruebaTests.swift in Sources */ = {isa = PBXBuildFile; fileRef = B3741D6D2894FBCC007537D6 /* PruebaTests.swift */; };
		B3741D782894FBCC007537D6 /* PruebaUITests.swift in Sources */ = {isa = PBXBuildFile; fileRef = B3741D772894FBCC007537D6 /* PruebaUITests.swift */; };
		B3741D7A2894FBCC007537D6 /* PruebaUITestsLaunchTests.swift in Sources */ = {isa = PBXBuildFile; fileRef = B3741D792894FBCC007537D6 /* PruebaUITestsLaunchTests.swift */; };
		B3741D8D289506D8007537D6 /* CircleImage.swift in Sources */ = {isa = PBXBuildFile; fileRef = B3741D8C289506D8007537D6 /* CircleImage.swift */; };
		B3741D8F28958B94007537D6 /* MapView.swift in Sources */ = {isa = PBXBuildFile; fileRef = B3741D8E28958B94007537D6 /* MapView.swift */; };
		B38FEBD028A4B5C900C42774 /* PageControl.swift in Sources */ = {isa = PBXBuildFile; fileRef = B38FEBCF28A4B5C900C42774 /* PageControl.swift */; };
		B38FEBD628A6112600C42774 /* Assets.xcassets in Resources */ = {isa = PBXBuildFile; fileRef = B38FEBD528A6112600C42774 /* Assets.xcassets */; };
		B38FEBDC28A6112600C42774 /* WatchLandmarks WatchKit Extension.appex in Embed App Extensions */ = {isa = PBXBuildFile; fileRef = B38FEBDB28A6112600C42774 /* WatchLandmarks WatchKit Extension.appex */; settings = {ATTRIBUTES = (RemoveHeadersOnCopy, ); }; };
		B38FEBE328A6112600C42774 /* ContentView.swift in Sources */ = {isa = PBXBuildFile; fileRef = B38FEBE228A6112600C42774 /* ContentView.swift */; };
		B38FEBE528A6112600C42774 /* NotificationController.swift in Sources */ = {isa = PBXBuildFile; fileRef = B38FEBE428A6112600C42774 /* NotificationController.swift */; };
		B38FEBE728A6112600C42774 /* NotificationView.swift in Sources */ = {isa = PBXBuildFile; fileRef = B38FEBE628A6112600C42774 /* NotificationView.swift */; };
		B38FEBE928A6112600C42774 /* ComplicationController.swift in Sources */ = {isa = PBXBuildFile; fileRef = B38FEBE828A6112600C42774 /* ComplicationController.swift */; };
		B38FEBEB28A6112700C42774 /* Assets.xcassets in Resources */ = {isa = PBXBuildFile; fileRef = B38FEBEA28A6112700C42774 /* Assets.xcassets */; };
		B38FEBEE28A6112700C42774 /* Preview Assets.xcassets in Resources */ = {isa = PBXBuildFile; fileRef = B38FEBED28A6112700C42774 /* Preview Assets.xcassets */; };
		B38FEBF328A6112700C42774 /* WatchLandmarks.app in Embed Watch Content */ = {isa = PBXBuildFile; fileRef = B38FEBD328A6112500C42774 /* WatchLandmarks.app */; settings = {ATTRIBUTES = (RemoveHeadersOnCopy, ); }; };
		B38FEBFC28A611DD00C42774 /* hikeData.json in Resources */ = {isa = PBXBuildFile; fileRef = B347871C289995CA004A1A6C /* hikeData.json */; };
		B38FEBFE28A6124000C42774 /* LandmarkDetail.swift in Sources */ = {isa = PBXBuildFile; fileRef = B38FEBFD28A6124000C42774 /* LandmarkDetail.swift */; };
		B38FEBFF28A612AE00C42774 /* Profile.swift in Sources */ = {isa = PBXBuildFile; fileRef = B36D171D289B906400A6E769 /* Profile.swift */; };
		B38FEC0028A612AE00C42774 /* Hike.swift in Sources */ = {isa = PBXBuildFile; fileRef = B347871E289995F0004A1A6C /* Hike.swift */; };
		B38FEC0128A612AE00C42774 /* ModelData.swift in Sources */ = {isa = PBXBuildFile; fileRef = B3C4E4F22895F24C00EF1140 /* ModelData.swift */; };
		B38FEC0228A612AE00C42774 /* Landmark.swift in Sources */ = {isa = PBXBuildFile; fileRef = B3C4E4F02895DF4700EF1140 /* Landmark.swift */; };
		B38FEC0328A612AE00C42774 /* LandmarkRow.swift in Sources */ = {isa = PBXBuildFile; fileRef = B3C4E5072896139800EF1140 /* LandmarkRow.swift */; };
		B38FEC0428A612AE00C42774 /* landmarkData.json in Resources */ = {isa = PBXBuildFile; fileRef = B3C4E4F62895F6EA00EF1140 /* landmarkData.json */; };
		B38FEC0628A612AE00C42774 /* CircleImage.swift in Sources */ = {isa = PBXBuildFile; fileRef = B3741D8C289506D8007537D6 /* CircleImage.swift */; };
		B38FEC0828A6132C00C42774 /* PruebaApp.swift in Sources */ = {isa = PBXBuildFile; fileRef = B3741D5C2894FBCC007537D6 /* PruebaApp.swift */; };
		B38FEC0928A6139100C42774 /* Assets.xcassets in Resources */ = {isa = PBXBuildFile; fileRef = B3741D602894FBCC007537D6 /* Assets.xcassets */; };
		B38FEC1328A618B100C42774 /* ContentView.swift in Sources */ = {isa = PBXBuildFile; fileRef = B38FEC1228A618B100C42774 /* ContentView.swift */; };
		B38FEC1528A618B200C42774 /* Assets.xcassets in Resources */ = {isa = PBXBuildFile; fileRef = B38FEC1428A618B200C42774 /* Assets.xcassets */; };
		B38FEC1828A618B200C42774 /* Preview Assets.xcassets in Resources */ = {isa = PBXBuildFile; fileRef = B38FEC1728A618B200C42774 /* Preview Assets.xcassets */; };
		B38FEC1F28A618DF00C42774 /* Assets.xcassets in Resources */ = {isa = PBXBuildFile; fileRef = B3741D602894FBCC007537D6 /* Assets.xcassets */; };
		B38FEC2B28A619DF00C42774 /* MapView.swift in Sources */ = {isa = PBXBuildFile; fileRef = B3741D8E28958B94007537D6 /* MapView.swift */; };
		B38FEC2C28A619DF00C42774 /* FavoriteButton.swift in Sources */ = {isa = PBXBuildFile; fileRef = B323D99B2896622500E6BBF7 /* FavoriteButton.swift */; };
		B38FEC2D28A619DF00C42774 /* LandmarkRow.swift in Sources */ = {isa = PBXBuildFile; fileRef = B3C4E5072896139800EF1140 /* LandmarkRow.swift */; };
		B38FEC2E28A619DF00C42774 /* Hike.swift in Sources */ = {isa = PBXBuildFile; fileRef = B347871E289995F0004A1A6C /* Hike.swift */; };
		B38FEC2F28A619DF00C42774 /* LandmarkList.swift in Sources */ = {isa = PBXBuildFile; fileRef = B3C4E5092896184A00EF1140 /* LandmarkList.swift */; };
		B38FEC3028A619DF00C42774 /* CircleImage.swift in Sources */ = {isa = PBXBuildFile; fileRef = B3741D8C289506D8007537D6 /* CircleImage.swift */; };
		B38FEC3128A619DF00C42774 /* ModelData.swift in Sources */ = {isa = PBXBuildFile; fileRef = B3C4E4F22895F24C00EF1140 /* ModelData.swift */; };
		B38FEC3228A619DF00C42774 /* landmarkData.json in Resources */ = {isa = PBXBuildFile; fileRef = B3C4E4F62895F6EA00EF1140 /* landmarkData.json */; };
		B38FEC3328A619DF00C42774 /* PruebaApp.swift in Sources */ = {isa = PBXBuildFile; fileRef = B3741D5C2894FBCC007537D6 /* PruebaApp.swift */; };
		B38FEC3428A619DF00C42774 /* Landmark.swift in Sources */ = {isa = PBXBuildFile; fileRef = B3C4E4F02895DF4700EF1140 /* Landmark.swift */; };
		B38FEC3528A619DF00C42774 /* Profile.swift in Sources */ = {isa = PBXBuildFile; fileRef = B36D171D289B906400A6E769 /* Profile.swift */; };
		B38FEC3628A619DF00C42774 /* hikeData.json in Resources */ = {isa = PBXBuildFile; fileRef = B347871C289995CA004A1A6C /* hikeData.json */; };
		B38FEC3828A61A1200C42774 /* LandmarkDetail.swift in Sources */ = {isa = PBXBuildFile; fileRef = B38FEC3728A61A1200C42774 /* LandmarkDetail.swift */; };
		B3B3CF46289C2D7600EFF6F5 /* HikeBadge.swift in Sources */ = {isa = PBXBuildFile; fileRef = B3B3CF45289C2D7600EFF6F5 /* HikeBadge.swift */; };
		B3C4E4F12895DF4700EF1140 /* Landmark.swift in Sources */ = {isa = PBXBuildFile; fileRef = B3C4E4F02895DF4700EF1140 /* Landmark.swift */; };
		B3C4E4F32895F24C00EF1140 /* ModelData.swift in Sources */ = {isa = PBXBuildFile; fileRef = B3C4E4F22895F24C00EF1140 /* ModelData.swift */; };
		B3C4E4F72895F6EA00EF1140 /* landmarkData.json in Resources */ = {isa = PBXBuildFile; fileRef = B3C4E4F62895F6EA00EF1140 /* landmarkData.json */; };
		B3C4E5082896139800EF1140 /* LandmarkRow.swift in Sources */ = {isa = PBXBuildFile; fileRef = B3C4E5072896139800EF1140 /* LandmarkRow.swift */; };
		B3C4E50C28961E9200EF1140 /* LandmarkDetail.swift in Sources */ = {isa = PBXBuildFile; fileRef = B3C4E50B28961E9200EF1140 /* LandmarkDetail.swift */; };
		B3C9C59B289779A900B22281 /* BadgeBackground.swift in Sources */ = {isa = PBXBuildFile; fileRef = B3C9C59A289779A900B22281 /* BadgeBackground.swift */; };
		B3FD708028A625D90003C4CC /* LandmarkList.swift in Sources */ = {isa = PBXBuildFile; fileRef = B3C4E5092896184A00EF1140 /* LandmarkList.swift */; };
		B3FD708328A629190003C4CC /* MapView.swift in Sources */ = {isa = PBXBuildFile; fileRef = B3741D8E28958B94007537D6 /* MapView.swift */; };
		B3FD708828A62B360003C4CC /* LandmarkList.swift in Sources */ = {isa = PBXBuildFile; fileRef = B3FD708728A62B360003C4CC /* LandmarkList.swift */; };
/* End PBXBuildFile section */

/* Begin PBXContainerItemProxy section */
		B3741D6A2894FBCC007537D6 /* PBXContainerItemProxy */ = {
			isa = PBXContainerItemProxy;
			containerPortal = B3741D512894FBCC007537D6 /* Project object */;
			proxyType = 1;
			remoteGlobalIDString = B3741D582894FBCC007537D6;
			remoteInfo = Prueba;
		};
		B3741D742894FBCC007537D6 /* PBXContainerItemProxy */ = {
			isa = PBXContainerItemProxy;
			containerPortal = B3741D512894FBCC007537D6 /* Project object */;
			proxyType = 1;
			remoteGlobalIDString = B3741D582894FBCC007537D6;
			remoteInfo = Prueba;
		};
		B38FEBDD28A6112600C42774 /* PBXContainerItemProxy */ = {
			isa = PBXContainerItemProxy;
			containerPortal = B3741D512894FBCC007537D6 /* Project object */;
			proxyType = 1;
			remoteGlobalIDString = B38FEBDA28A6112600C42774;
			remoteInfo = "WatchLandmarks WatchKit Extension";
		};
		B38FEBF128A6112700C42774 /* PBXContainerItemProxy */ = {
			isa = PBXContainerItemProxy;
			containerPortal = B3741D512894FBCC007537D6 /* Project object */;
			proxyType = 1;
			remoteGlobalIDString = B38FEBD228A6112500C42774;
			remoteInfo = WatchLandmarks;
		};
/* End PBXContainerItemProxy section */

/* Begin PBXCopyFilesBuildPhase section */
		B38FEBF728A6112700C42774 /* Embed App Extensions */ = {
			isa = PBXCopyFilesBuildPhase;
			buildActionMask = 2147483647;
			dstPath = "";
			dstSubfolderSpec = 13;
			files = (
				B38FEBDC28A6112600C42774 /* WatchLandmarks WatchKit Extension.appex in Embed App Extensions */,
			);
			name = "Embed App Extensions";
			runOnlyForDeploymentPostprocessing = 0;
		};
		B38FEBFB28A6112700C42774 /* Embed Watch Content */ = {
			isa = PBXCopyFilesBuildPhase;
			buildActionMask = 2147483647;
			dstPath = "$(CONTENTS_FOLDER_PATH)/Watch";
			dstSubfolderSpec = 16;
			files = (
				B38FEBF328A6112700C42774 /* WatchLandmarks.app in Embed Watch Content */,
			);
			name = "Embed Watch Content";
			runOnlyForDeploymentPostprocessing = 0;
		};
/* End PBXCopyFilesBuildPhase section */

/* Begin PBXFileReference section */
		B31EB657289C13F0003658AF /* ProfileSummary.swift */ = {isa = PBXFileReference; lastKnownFileType = sourcecode.swift; path = ProfileSummary.swift; sourceTree = "<group>"; };
		B323D99B2896622500E6BBF7 /* FavoriteButton.swift */ = {isa = PBXFileReference; lastKnownFileType = sourcecode.swift; path = FavoriteButton.swift; sourceTree = "<group>"; };
		B33B620328A6C5EE002055E5 /* LandmarkCommands.swift */ = {isa = PBXFileReference; lastKnownFileType = sourcecode.swift; path = LandmarkCommands.swift; sourceTree = "<group>"; };
		B33B620928A6FE28002055E5 /* LandmarkSettings.swift */ = {isa = PBXFileReference; lastKnownFileType = sourcecode.swift; path = LandmarkSettings.swift; sourceTree = "<group>"; };
		B33E9120289764FE0034072E /* HexagonParametes.swift */ = {isa = PBXFileReference; lastKnownFileType = sourcecode.swift; path = HexagonParametes.swift; sourceTree = "<group>"; };
		B3478715289993B9004A1A6C /* BadgeSymbol.swift */ = {isa = PBXFileReference; lastKnownFileType = sourcecode.swift; path = BadgeSymbol.swift; sourceTree = "<group>"; };
		B3478717289993E1004A1A6C /* RotatedBadgeSymbol.swift */ = {isa = PBXFileReference; lastKnownFileType = sourcecode.swift; path = RotatedBadgeSymbol.swift; sourceTree = "<group>"; };
		B347871928999454004A1A6C /* Badge.swift */ = {isa = PBXFileReference; lastKnownFileType = sourcecode.swift; path = Badge.swift; sourceTree = "<group>"; };
		B347871C289995CA004A1A6C /* hikeData.json */ = {isa = PBXFileReference; fileEncoding = 4; lastKnownFileType = text.json; path = hikeData.json; sourceTree = "<group>"; };
		B347871E289995F0004A1A6C /* Hike.swift */ = {isa = PBXFileReference; lastKnownFileType = sourcecode.swift; path = Hike.swift; sourceTree = "<group>"; };
		B347872128999D40004A1A6C /* GraphCapsule.swift */ = {isa = PBXFileReference; fileEncoding = 4; lastKnownFileType = sourcecode.swift; path = GraphCapsule.swift; sourceTree = "<group>"; };
		B347872228999D40004A1A6C /* HikeGraph.swift */ = {isa = PBXFileReference; fileEncoding = 4; lastKnownFileType = sourcecode.swift; path = HikeGraph.swift; sourceTree = "<group>"; };
		B347872328999D40004A1A6C /* HikeDetail.swift */ = {isa = PBXFileReference; fileEncoding = 4; lastKnownFileType = sourcecode.swift; path = HikeDetail.swift; sourceTree = "<group>"; };
		B347872428999D40004A1A6C /* HikeView.swift */ = {isa = PBXFileReference; fileEncoding = 4; lastKnownFileType = sourcecode.swift; path = HikeView.swift; sourceTree = "<group>"; };
		B347872E289AC1A8004A1A6C /* CategoryHome.swift */ = {isa = PBXFileReference; lastKnownFileType = sourcecode.swift; path = CategoryHome.swift; sourceTree = "<group>"; };
		B3478730289AD514004A1A6C /* CategoryRow.swift */ = {isa = PBXFileReference; lastKnownFileType = sourcecode.swift; path = CategoryRow.swift; sourceTree = "<group>"; };
		B3478732289AD837004A1A6C /* CategoryItem.swift */ = {isa = PBXFileReference; lastKnownFileType = sourcecode.swift; path = CategoryItem.swift; sourceTree = "<group>"; };
		B3478868289EDB5D00E2D8B7 /* ProfileEditor.swift */ = {isa = PBXFileReference; lastKnownFileType = sourcecode.swift; path = ProfileEditor.swift; sourceTree = "<group>"; };
		B347886D289EF6D300E2D8B7 /* PageViewController.swift */ = {isa = PBXFileReference; lastKnownFileType = sourcecode.swift; path = PageViewController.swift; sourceTree = "<group>"; };
		B347887128A01BAC00E2D8B7 /* FeatureCard.swift */ = {isa = PBXFileReference; lastKnownFileType = sourcecode.swift; path = FeatureCard.swift; sourceTree = "<group>"; };
		B347887528A021D300E2D8B7 /* PageView.swift */ = {isa = PBXFileReference; lastKnownFileType = sourcecode.swift; path = PageView.swift; sourceTree = "<group>"; };
		B36D171D289B906400A6E769 /* Profile.swift */ = {isa = PBXFileReference; lastKnownFileType = sourcecode.swift; path = Profile.swift; sourceTree = "<group>"; };
		B36D1722289B90FB00A6E769 /* ProfileHost.swift */ = {isa = PBXFileReference; lastKnownFileType = sourcecode.swift; path = ProfileHost.swift; sourceTree = "<group>"; };
		B3741D592894FBCC007537D6 /* Prueba.app */ = {isa = PBXFileReference; explicitFileType = wrapper.application; includeInIndex = 0; path = Prueba.app; sourceTree = BUILT_PRODUCTS_DIR; };
		B3741D5C2894FBCC007537D6 /* PruebaApp.swift */ = {isa = PBXFileReference; lastKnownFileType = sourcecode.swift; path = PruebaApp.swift; sourceTree = "<group>"; };
		B3741D5E2894FBCC007537D6 /* ContentView.swift */ = {isa = PBXFileReference; lastKnownFileType = sourcecode.swift; path = ContentView.swift; sourceTree = "<group>"; };
		B3741D602894FBCC007537D6 /* Assets.xcassets */ = {isa = PBXFileReference; lastKnownFileType = folder.assetcatalog; path = Assets.xcassets; sourceTree = "<group>"; };
		B3741D632894FBCC007537D6 /* Preview Assets.xcassets */ = {isa = PBXFileReference; lastKnownFileType = folder.assetcatalog; path = "Preview Assets.xcassets"; sourceTree = "<group>"; };
		B3741D692894FBCC007537D6 /* PruebaTests.xctest */ = {isa = PBXFileReference; explicitFileType = wrapper.cfbundle; includeInIndex = 0; path = PruebaTests.xctest; sourceTree = BUILT_PRODUCTS_DIR; };
		B3741D6D2894FBCC007537D6 /* PruebaTests.swift */ = {isa = PBXFileReference; lastKnownFileType = sourcecode.swift; path = PruebaTests.swift; sourceTree = "<group>"; };
		B3741D732894FBCC007537D6 /* PruebaUITests.xctest */ = {isa = PBXFileReference; explicitFileType = wrapper.cfbundle; includeInIndex = 0; path = PruebaUITests.xctest; sourceTree = BUILT_PRODUCTS_DIR; };
		B3741D772894FBCC007537D6 /* PruebaUITests.swift */ = {isa = PBXFileReference; lastKnownFileType = sourcecode.swift; path = PruebaUITests.swift; sourceTree = "<group>"; };
		B3741D792894FBCC007537D6 /* PruebaUITestsLaunchTests.swift */ = {isa = PBXFileReference; lastKnownFileType = sourcecode.swift; path = PruebaUITestsLaunchTests.swift; sourceTree = "<group>"; };
		B3741D8C289506D8007537D6 /* CircleImage.swift */ = {isa = PBXFileReference; lastKnownFileType = sourcecode.swift; path = CircleImage.swift; sourceTree = "<group>"; };
		B3741D8E28958B94007537D6 /* MapView.swift */ = {isa = PBXFileReference; lastKnownFileType = sourcecode.swift; path = MapView.swift; sourceTree = "<group>"; };
		B38FEBCF28A4B5C900C42774 /* PageControl.swift */ = {isa = PBXFileReference; lastKnownFileType = sourcecode.swift; path = PageControl.swift; sourceTree = "<group>"; };
		B38FEBD328A6112500C42774 /* WatchLandmarks.app */ = {isa = PBXFileReference; explicitFileType = wrapper.application; includeInIndex = 0; path = WatchLandmarks.app; sourceTree = BUILT_PRODUCTS_DIR; };
		B38FEBD528A6112600C42774 /* Assets.xcassets */ = {isa = PBXFileReference; lastKnownFileType = folder.assetcatalog; path = Assets.xcassets; sourceTree = "<group>"; };
		B38FEBDB28A6112600C42774 /* WatchLandmarks WatchKit Extension.appex */ = {isa = PBXFileReference; explicitFileType = "wrapper.app-extension"; includeInIndex = 0; path = "WatchLandmarks WatchKit Extension.appex"; sourceTree = BUILT_PRODUCTS_DIR; };
		B38FEBE228A6112600C42774 /* ContentView.swift */ = {isa = PBXFileReference; lastKnownFileType = sourcecode.swift; path = ContentView.swift; sourceTree = "<group>"; };
		B38FEBE428A6112600C42774 /* NotificationController.swift */ = {isa = PBXFileReference; lastKnownFileType = sourcecode.swift; path = NotificationController.swift; sourceTree = "<group>"; };
		B38FEBE628A6112600C42774 /* NotificationView.swift */ = {isa = PBXFileReference; lastKnownFileType = sourcecode.swift; path = NotificationView.swift; sourceTree = "<group>"; };
		B38FEBE828A6112600C42774 /* ComplicationController.swift */ = {isa = PBXFileReference; lastKnownFileType = sourcecode.swift; path = ComplicationController.swift; sourceTree = "<group>"; };
		B38FEBEA28A6112700C42774 /* Assets.xcassets */ = {isa = PBXFileReference; lastKnownFileType = folder.assetcatalog; path = Assets.xcassets; sourceTree = "<group>"; };
		B38FEBED28A6112700C42774 /* Preview Assets.xcassets */ = {isa = PBXFileReference; lastKnownFileType = folder.assetcatalog; path = "Preview Assets.xcassets"; sourceTree = "<group>"; };
		B38FEBEF28A6112700C42774 /* Info.plist */ = {isa = PBXFileReference; lastKnownFileType = text.plist.xml; path = Info.plist; sourceTree = "<group>"; };
		B38FEBF028A6112700C42774 /* PushNotificationPayload.apns */ = {isa = PBXFileReference; lastKnownFileType = text; path = PushNotificationPayload.apns; sourceTree = "<group>"; };
		B38FEBFD28A6124000C42774 /* LandmarkDetail.swift */ = {isa = PBXFileReference; lastKnownFileType = sourcecode.swift; path = LandmarkDetail.swift; sourceTree = "<group>"; };
		B38FEC0E28A618B100C42774 /* MacLandmarks.app */ = {isa = PBXFileReference; explicitFileType = wrapper.application; includeInIndex = 0; path = MacLandmarks.app; sourceTree = BUILT_PRODUCTS_DIR; };
		B38FEC1228A618B100C42774 /* ContentView.swift */ = {isa = PBXFileReference; lastKnownFileType = sourcecode.swift; path = ContentView.swift; sourceTree = "<group>"; };
		B38FEC1428A618B200C42774 /* Assets.xcassets */ = {isa = PBXFileReference; lastKnownFileType = folder.assetcatalog; path = Assets.xcassets; sourceTree = "<group>"; };
		B38FEC1728A618B200C42774 /* Preview Assets.xcassets */ = {isa = PBXFileReference; lastKnownFileType = folder.assetcatalog; path = "Preview Assets.xcassets"; sourceTree = "<group>"; };
		B38FEC1928A618B200C42774 /* MacLandmarks.entitlements */ = {isa = PBXFileReference; lastKnownFileType = text.plist.entitlements; path = MacLandmarks.entitlements; sourceTree = "<group>"; };
		B38FEC3728A61A1200C42774 /* LandmarkDetail.swift */ = {isa = PBXFileReference; lastKnownFileType = sourcecode.swift; path = LandmarkDetail.swift; sourceTree = "<group>"; };
		B3B3CF45289C2D7600EFF6F5 /* HikeBadge.swift */ = {isa = PBXFileReference; lastKnownFileType = sourcecode.swift; path = HikeBadge.swift; sourceTree = "<group>"; };
		B3C4E4F02895DF4700EF1140 /* Landmark.swift */ = {isa = PBXFileReference; lastKnownFileType = sourcecode.swift; path = Landmark.swift; sourceTree = "<group>"; };
		B3C4E4F22895F24C00EF1140 /* ModelData.swift */ = {isa = PBXFileReference; lastKnownFileType = sourcecode.swift; path = ModelData.swift; sourceTree = "<group>"; };
		B3C4E4F62895F6EA00EF1140 /* landmarkData.json */ = {isa = PBXFileReference; fileEncoding = 4; lastKnownFileType = text.json; path = landmarkData.json; sourceTree = "<group>"; };
		B3C4E5072896139800EF1140 /* LandmarkRow.swift */ = {isa = PBXFileReference; lastKnownFileType = sourcecode.swift; path = LandmarkRow.swift; sourceTree = "<group>"; };
		B3C4E5092896184A00EF1140 /* LandmarkList.swift */ = {isa = PBXFileReference; indentWidth = 4; lastKnownFileType = sourcecode.swift; path = LandmarkList.swift; sourceTree = "<group>"; };
		B3C4E50B28961E9200EF1140 /* LandmarkDetail.swift */ = {isa = PBXFileReference; lastKnownFileType = sourcecode.swift; path = LandmarkDetail.swift; sourceTree = "<group>"; };
		B3C9C59A289779A900B22281 /* BadgeBackground.swift */ = {isa = PBXFileReference; lastKnownFileType = sourcecode.swift; path = BadgeBackground.swift; sourceTree = "<group>"; };
		B3FD708728A62B360003C4CC /* LandmarkList.swift */ = {isa = PBXFileReference; lastKnownFileType = sourcecode.swift; path = LandmarkList.swift; sourceTree = "<group>"; };
/* End PBXFileReference section */

/* Begin PBXFrameworksBuildPhase section */
		B3741D562894FBCC007537D6 /* Frameworks */ = {
			isa = PBXFrameworksBuildPhase;
			buildActionMask = 2147483647;
			files = (
			);
			runOnlyForDeploymentPostprocessing = 0;
		};
		B3741D662894FBCC007537D6 /* Frameworks */ = {
			isa = PBXFrameworksBuildPhase;
			buildActionMask = 2147483647;
			files = (
			);
			runOnlyForDeploymentPostprocessing = 0;
		};
		B3741D702894FBCC007537D6 /* Frameworks */ = {
			isa = PBXFrameworksBuildPhase;
			buildActionMask = 2147483647;
			files = (
			);
			runOnlyForDeploymentPostprocessing = 0;
		};
		B38FEBD828A6112600C42774 /* Frameworks */ = {
			isa = PBXFrameworksBuildPhase;
			buildActionMask = 2147483647;
			files = (
			);
			runOnlyForDeploymentPostprocessing = 0;
		};
		B38FEC0B28A618B100C42774 /* Frameworks */ = {
			isa = PBXFrameworksBuildPhase;
			buildActionMask = 2147483647;
			files = (
			);
			runOnlyForDeploymentPostprocessing = 0;
		};
/* End PBXFrameworksBuildPhase section */

/* Begin PBXGroup section */
		B323D99D2896636E00E6BBF7 /* Helpers */ = {
			isa = PBXGroup;
			children = (
				B3741D8C289506D8007537D6 /* CircleImage.swift */,
				B3741D8E28958B94007537D6 /* MapView.swift */,
				B323D99B2896622500E6BBF7 /* FavoriteButton.swift */,
			);
			path = Helpers;
			sourceTree = "<group>";
		};
		B323D99E2896638600E6BBF7 /* Landmarks */ = {
			isa = PBXGroup;
			children = (
				B3C4E5072896139800EF1140 /* LandmarkRow.swift */,
				B3C4E5092896184A00EF1140 /* LandmarkList.swift */,
				B3C4E50B28961E9200EF1140 /* LandmarkDetail.swift */,
			);
			path = Landmarks;
			sourceTree = "<group>";
		};
		B347871B28999538004A1A6C /* Badges */ = {
			isa = PBXGroup;
			children = (
				B33E9120289764FE0034072E /* HexagonParametes.swift */,
				B3C9C59A289779A900B22281 /* BadgeBackground.swift */,
				B3478715289993B9004A1A6C /* BadgeSymbol.swift */,
				B3478717289993E1004A1A6C /* RotatedBadgeSymbol.swift */,
				B347871928999454004A1A6C /* Badge.swift */,
			);
			path = Badges;
			sourceTree = "<group>";
		};
		B347872028999D40004A1A6C /* Hikes */ = {
			isa = PBXGroup;
			children = (
				B347872128999D40004A1A6C /* GraphCapsule.swift */,
				B347872228999D40004A1A6C /* HikeGraph.swift */,
				B347872328999D40004A1A6C /* HikeDetail.swift */,
				B347872428999D40004A1A6C /* HikeView.swift */,
				B3B3CF45289C2D7600EFF6F5 /* HikeBadge.swift */,
			);
			path = Hikes;
			sourceTree = "<group>";
		};
		B3478729289AC111004A1A6C /* Categories */ = {
			isa = PBXGroup;
			children = (
				B347872E289AC1A8004A1A6C /* CategoryHome.swift */,
				B3478730289AD514004A1A6C /* CategoryRow.swift */,
				B3478732289AD837004A1A6C /* CategoryItem.swift */,
			);
			path = Categories;
			sourceTree = "<group>";
		};
		B3478867289EDB4E00E2D8B7 /* ProfileEditor */ = {
			isa = PBXGroup;
			children = (
				B3478868289EDB5D00E2D8B7 /* ProfileEditor.swift */,
			);
			path = ProfileEditor;
			sourceTree = "<group>";
		};
		B347886A289EF6A000E2D8B7 /* PageView */ = {
			isa = PBXGroup;
			children = (
				B347886D289EF6D300E2D8B7 /* PageViewController.swift */,
				B347887128A01BAC00E2D8B7 /* FeatureCard.swift */,
				B347887528A021D300E2D8B7 /* PageView.swift */,
				B38FEBCF28A4B5C900C42774 /* PageControl.swift */,
			);
			path = PageView;
			sourceTree = "<group>";
		};
		B36D171F289B90E700A6E769 /* Profiles */ = {
			isa = PBXGroup;
			children = (
				B36D1722289B90FB00A6E769 /* ProfileHost.swift */,
				B31EB657289C13F0003658AF /* ProfileSummary.swift */,
			);
			path = Profiles;
			sourceTree = "<group>";
		};
		B3741D502894FBCC007537D6 = {
			isa = PBXGroup;
			children = (
				B38FEC0F28A618B100C42774 /* MacLandmarks */,
				B3741D5A2894FBCC007537D6 /* Products */,
				B3741D5B2894FBCC007537D6 /* Prueba */,
				B3741D6C2894FBCC007537D6 /* PruebaTests */,
				B3741D762894FBCC007537D6 /* PruebaUITests */,
				B38FEBD428A6112500C42774 /* WatchLandmarks */,
				B38FEBDF28A6112600C42774 /* WatchLandmarks WatchKit Extension */,
			);
			sourceTree = "<group>";
		};
		B3741D5A2894FBCC007537D6 /* Products */ = {
			isa = PBXGroup;
			children = (
				B3741D592894FBCC007537D6 /* Prueba.app */,
				B3741D692894FBCC007537D6 /* PruebaTests.xctest */,
				B3741D732894FBCC007537D6 /* PruebaUITests.xctest */,
				B38FEBD328A6112500C42774 /* WatchLandmarks.app */,
				B38FEBDB28A6112600C42774 /* WatchLandmarks WatchKit Extension.appex */,
				B38FEC0E28A618B100C42774 /* MacLandmarks.app */,
			);
			name = Products;
			sourceTree = "<group>";
		};
		B3741D5B2894FBCC007537D6 /* Prueba */ = {
			isa = PBXGroup;
			children = (
				B3741D602894FBCC007537D6 /* Assets.xcassets */,
				B3C4E4FB2895F72100EF1140 /* Model */,
				B3741D622894FBCC007537D6 /* Preview Content */,
				B3741D5C2894FBCC007537D6 /* PruebaApp.swift */,
				B3C4E4F52895F6D500EF1140 /* Resources */,
				B3C4E4F82895F70000EF1140 /* Views */,
			);
			path = Prueba;
			sourceTree = "<group>";
		};
		B3741D622894FBCC007537D6 /* Preview Content */ = {
			isa = PBXGroup;
			children = (
				B3741D632894FBCC007537D6 /* Preview Assets.xcassets */,
			);
			path = "Preview Content";
			sourceTree = "<group>";
		};
		B3741D6C2894FBCC007537D6 /* PruebaTests */ = {
			isa = PBXGroup;
			children = (
				B3741D6D2894FBCC007537D6 /* PruebaTests.swift */,
			);
			path = PruebaTests;
			sourceTree = "<group>";
		};
		B3741D762894FBCC007537D6 /* PruebaUITests */ = {
			isa = PBXGroup;
			children = (
				B3741D772894FBCC007537D6 /* PruebaUITests.swift */,
				B3741D792894FBCC007537D6 /* PruebaUITestsLaunchTests.swift */,
			);
			path = PruebaUITests;
			sourceTree = "<group>";
		};
		B38FEBD428A6112500C42774 /* WatchLandmarks */ = {
			isa = PBXGroup;
			children = (
				B38FEBD528A6112600C42774 /* Assets.xcassets */,
			);
			path = WatchLandmarks;
			sourceTree = "<group>";
		};
		B38FEBDF28A6112600C42774 /* WatchLandmarks WatchKit Extension */ = {
			isa = PBXGroup;
			children = (
				B38FEBEA28A6112700C42774 /* Assets.xcassets */,
				B38FEBE828A6112600C42774 /* ComplicationController.swift */,
				B38FEBE228A6112600C42774 /* ContentView.swift */,
				B38FEBEF28A6112700C42774 /* Info.plist */,
				B38FEBFD28A6124000C42774 /* LandmarkDetail.swift */,
				B3FD708728A62B360003C4CC /* LandmarkList.swift */,
				B38FEBE428A6112600C42774 /* NotificationController.swift */,
				B38FEBE628A6112600C42774 /* NotificationView.swift */,
				B38FEBEC28A6112700C42774 /* Preview Content */,
				B38FEBF028A6112700C42774 /* PushNotificationPayload.apns */,
			);
			path = "WatchLandmarks WatchKit Extension";
			sourceTree = "<group>";
		};
		B38FEBEC28A6112700C42774 /* Preview Content */ = {
			isa = PBXGroup;
			children = (
				B38FEBED28A6112700C42774 /* Preview Assets.xcassets */,
			);
			path = "Preview Content";
			sourceTree = "<group>";
		};
		B38FEC0F28A618B100C42774 /* MacLandmarks */ = {
			isa = PBXGroup;
			children = (
				B33B620928A6FE28002055E5 /* LandmarkSettings.swift */,
				B38FEC1428A618B200C42774 /* Assets.xcassets */,
				B38FEC1228A618B100C42774 /* ContentView.swift */,
				B33B620328A6C5EE002055E5 /* LandmarkCommands.swift */,
				B38FEC3728A61A1200C42774 /* LandmarkDetail.swift */,
				B38FEC1928A618B200C42774 /* MacLandmarks.entitlements */,
				B38FEC1628A618B200C42774 /* Preview Content */,
			);
			path = MacLandmarks;
			sourceTree = "<group>";
		};
		B38FEC1628A618B200C42774 /* Preview Content */ = {
			isa = PBXGroup;
			children = (
				B38FEC1728A618B200C42774 /* Preview Assets.xcassets */,
			);
			path = "Preview Content";
			sourceTree = "<group>";
		};
		B3C4E4F52895F6D500EF1140 /* Resources */ = {
			isa = PBXGroup;
			children = (
				B347871C289995CA004A1A6C /* hikeData.json */,
				B3C4E4F62895F6EA00EF1140 /* landmarkData.json */,
			);
			path = Resources;
			sourceTree = "<group>";
		};
		B3C4E4F82895F70000EF1140 /* Views */ = {
			isa = PBXGroup;
			children = (
				B347871B28999538004A1A6C /* Badges */,
				B3478729289AC111004A1A6C /* Categories */,
				B3741D5E2894FBCC007537D6 /* ContentView.swift */,
				B323D99D2896636E00E6BBF7 /* Helpers */,
				B347872028999D40004A1A6C /* Hikes */,
				B323D99E2896638600E6BBF7 /* Landmarks */,
				B347886A289EF6A000E2D8B7 /* PageView */,
				B3478867289EDB4E00E2D8B7 /* ProfileEditor */,
				B36D171F289B90E700A6E769 /* Profiles */,
			);
			path = Views;
			sourceTree = "<group>";
		};
		B3C4E4FB2895F72100EF1140 /* Model */ = {
			isa = PBXGroup;
			children = (
				B3C4E4F02895DF4700EF1140 /* Landmark.swift */,
				B3C4E4F22895F24C00EF1140 /* ModelData.swift */,
				B347871E289995F0004A1A6C /* Hike.swift */,
				B36D171D289B906400A6E769 /* Profile.swift */,
			);
			path = Model;
			sourceTree = "<group>";
		};
/* End PBXGroup section */

/* Begin PBXNativeTarget section */
		B3741D582894FBCC007537D6 /* Prueba */ = {
			isa = PBXNativeTarget;
			buildConfigurationList = B3741D7D2894FBCC007537D6 /* Build configuration list for PBXNativeTarget "Prueba" */;
			buildPhases = (
				B3741D552894FBCC007537D6 /* Sources */,
				B3741D562894FBCC007537D6 /* Frameworks */,
				B3741D572894FBCC007537D6 /* Resources */,
				B38FEBFB28A6112700C42774 /* Embed Watch Content */,
			);
			buildRules = (
			);
			dependencies = (
				B38FEBF228A6112700C42774 /* PBXTargetDependency */,
			);
			name = Prueba;
			productName = Prueba;
			productReference = B3741D592894FBCC007537D6 /* Prueba.app */;
			productType = "com.apple.product-type.application";
		};
		B3741D682894FBCC007537D6 /* PruebaTests */ = {
			isa = PBXNativeTarget;
			buildConfigurationList = B3741D802894FBCC007537D6 /* Build configuration list for PBXNativeTarget "PruebaTests" */;
			buildPhases = (
				B3741D652894FBCC007537D6 /* Sources */,
				B3741D662894FBCC007537D6 /* Frameworks */,
				B3741D672894FBCC007537D6 /* Resources */,
			);
			buildRules = (
			);
			dependencies = (
				B3741D6B2894FBCC007537D6 /* PBXTargetDependency */,
			);
			name = PruebaTests;
			productName = PruebaTests;
			productReference = B3741D692894FBCC007537D6 /* PruebaTests.xctest */;
			productType = "com.apple.product-type.bundle.unit-test";
		};
		B3741D722894FBCC007537D6 /* PruebaUITests */ = {
			isa = PBXNativeTarget;
			buildConfigurationList = B3741D832894FBCC007537D6 /* Build configuration list for PBXNativeTarget "PruebaUITests" */;
			buildPhases = (
				B3741D6F2894FBCC007537D6 /* Sources */,
				B3741D702894FBCC007537D6 /* Frameworks */,
				B3741D712894FBCC007537D6 /* Resources */,
			);
			buildRules = (
			);
			dependencies = (
				B3741D752894FBCC007537D6 /* PBXTargetDependency */,
			);
			name = PruebaUITests;
			productName = PruebaUITests;
			productReference = B3741D732894FBCC007537D6 /* PruebaUITests.xctest */;
			productType = "com.apple.product-type.bundle.ui-testing";
		};
		B38FEBD228A6112500C42774 /* WatchLandmarks */ = {
			isa = PBXNativeTarget;
			buildConfigurationList = B38FEBF828A6112700C42774 /* Build configuration list for PBXNativeTarget "WatchLandmarks" */;
			buildPhases = (
				B38FEBD128A6112500C42774 /* Resources */,
				B38FEBF728A6112700C42774 /* Embed App Extensions */,
			);
			buildRules = (
			);
			dependencies = (
				B38FEBDE28A6112600C42774 /* PBXTargetDependency */,
			);
			name = WatchLandmarks;
			productName = WatchLandmarks;
			productReference = B38FEBD328A6112500C42774 /* WatchLandmarks.app */;
			productType = "com.apple.product-type.application.watchapp2";
		};
		B38FEBDA28A6112600C42774 /* WatchLandmarks WatchKit Extension */ = {
			isa = PBXNativeTarget;
			buildConfigurationList = B38FEBF428A6112700C42774 /* Build configuration list for PBXNativeTarget "WatchLandmarks WatchKit Extension" */;
			buildPhases = (
				B38FEBD728A6112600C42774 /* Sources */,
				B38FEBD828A6112600C42774 /* Frameworks */,
				B38FEBD928A6112600C42774 /* Resources */,
			);
			buildRules = (
			);
			dependencies = (
			);
			name = "WatchLandmarks WatchKit Extension";
			productName = "WatchLandmarks WatchKit Extension";
			productReference = B38FEBDB28A6112600C42774 /* WatchLandmarks WatchKit Extension.appex */;
			productType = "com.apple.product-type.watchkit2-extension";
		};
		B38FEC0D28A618B100C42774 /* MacLandmarks */ = {
			isa = PBXNativeTarget;
			buildConfigurationList = B38FEC1A28A618B200C42774 /* Build configuration list for PBXNativeTarget "MacLandmarks" */;
			buildPhases = (
				B38FEC0A28A618B100C42774 /* Sources */,
				B38FEC0B28A618B100C42774 /* Frameworks */,
				B38FEC0C28A618B100C42774 /* Resources */,
			);
			buildRules = (
			);
			dependencies = (
			);
			name = MacLandmarks;
			productName = MacLandmarks;
			productReference = B38FEC0E28A618B100C42774 /* MacLandmarks.app */;
			productType = "com.apple.product-type.application";
		};
/* End PBXNativeTarget section */

/* Begin PBXProject section */
		B3741D512894FBCC007537D6 /* Project object */ = {
			isa = PBXProject;
			attributes = {
				BuildIndependentTargetsInParallel = 1;
				LastSwiftUpdateCheck = 1340;
				LastUpgradeCheck = 1340;
				TargetAttributes = {
					B3741D582894FBCC007537D6 = {
						CreatedOnToolsVersion = 13.4.1;
					};
					B3741D682894FBCC007537D6 = {
						CreatedOnToolsVersion = 13.4.1;
						TestTargetID = B3741D582894FBCC007537D6;
					};
					B3741D722894FBCC007537D6 = {
						CreatedOnToolsVersion = 13.4.1;
						TestTargetID = B3741D582894FBCC007537D6;
					};
					B38FEBD228A6112500C42774 = {
						CreatedOnToolsVersion = 13.4.1;
					};
					B38FEBDA28A6112600C42774 = {
						CreatedOnToolsVersion = 13.4.1;
					};
					B38FEC0D28A618B100C42774 = {
						CreatedOnToolsVersion = 13.4.1;
					};
				};
			};
			buildConfigurationList = B3741D542894FBCC007537D6 /* Build configuration list for PBXProject "Prueba" */;
			compatibilityVersion = "Xcode 13.0";
			developmentRegion = en;
			hasScannedForEncodings = 0;
			knownRegions = (
				en,
				Base,
			);
			mainGroup = B3741D502894FBCC007537D6;
			productRefGroup = B3741D5A2894FBCC007537D6 /* Products */;
			projectDirPath = "";
			projectRoot = "";
			targets = (
				B3741D582894FBCC007537D6 /* Prueba */,
				B3741D682894FBCC007537D6 /* PruebaTests */,
				B3741D722894FBCC007537D6 /* PruebaUITests */,
				B38FEBD228A6112500C42774 /* WatchLandmarks */,
				B38FEBDA28A6112600C42774 /* WatchLandmarks WatchKit Extension */,
				B38FEC0D28A618B100C42774 /* MacLandmarks */,
			);
		};
/* End PBXProject section */

/* Begin PBXResourcesBuildPhase section */
		B3741D572894FBCC007537D6 /* Resources */ = {
			isa = PBXResourcesBuildPhase;
			buildActionMask = 2147483647;
			files = (
				B347871D289995CA004A1A6C /* hikeData.json in Resources */,
				B3741D642894FBCC007537D6 /* Preview Assets.xcassets in Resources */,
				B3741D612894FBCC007537D6 /* Assets.xcassets in Resources */,
				B3C4E4F72895F6EA00EF1140 /* landmarkData.json in Resources */,
			);
			runOnlyForDeploymentPostprocessing = 0;
		};
		B3741D672894FBCC007537D6 /* Resources */ = {
			isa = PBXResourcesBuildPhase;
			buildActionMask = 2147483647;
			files = (
			);
			runOnlyForDeploymentPostprocessing = 0;
		};
		B3741D712894FBCC007537D6 /* Resources */ = {
			isa = PBXResourcesBuildPhase;
			buildActionMask = 2147483647;
			files = (
			);
			runOnlyForDeploymentPostprocessing = 0;
		};
		B38FEBD128A6112500C42774 /* Resources */ = {
			isa = PBXResourcesBuildPhase;
			buildActionMask = 2147483647;
			files = (
				B38FEBD628A6112600C42774 /* Assets.xcassets in Resources */,
			);
			runOnlyForDeploymentPostprocessing = 0;
		};
		B38FEBD928A6112600C42774 /* Resources */ = {
			isa = PBXResourcesBuildPhase;
			buildActionMask = 2147483647;
			files = (
				B38FEBEE28A6112700C42774 /* Preview Assets.xcassets in Resources */,
				B38FEC0428A612AE00C42774 /* landmarkData.json in Resources */,
				B38FEBFC28A611DD00C42774 /* hikeData.json in Resources */,
				B38FEBEB28A6112700C42774 /* Assets.xcassets in Resources */,
				B38FEC0928A6139100C42774 /* Assets.xcassets in Resources */,
			);
			runOnlyForDeploymentPostprocessing = 0;
		};
		B38FEC0C28A618B100C42774 /* Resources */ = {
			isa = PBXResourcesBuildPhase;
			buildActionMask = 2147483647;
			files = (
				B38FEC1828A618B200C42774 /* Preview Assets.xcassets in Resources */,
				B38FEC3228A619DF00C42774 /* landmarkData.json in Resources */,
				B38FEC1F28A618DF00C42774 /* Assets.xcassets in Resources */,
				B38FEC1528A618B200C42774 /* Assets.xcassets in Resources */,
				B38FEC3628A619DF00C42774 /* hikeData.json in Resources */,
			);
			runOnlyForDeploymentPostprocessing = 0;
		};
/* End PBXResourcesBuildPhase section */

/* Begin PBXSourcesBuildPhase section */
		B3741D552894FBCC007537D6 /* Sources */ = {
			isa = PBXSourcesBuildPhase;
			buildActionMask = 2147483647;
			files = (
				B3478731289AD514004A1A6C /* CategoryRow.swift in Sources */,
				B36D171E289B906400A6E769 /* Profile.swift in Sources */,
				B33B620428A6C5EE002055E5 /* LandmarkCommands.swift in Sources */,
				B33E9121289764FE0034072E /* HexagonParametes.swift in Sources */,
				B347872F289AC1A8004A1A6C /* CategoryHome.swift in Sources */,
				B347887228A01BAC00E2D8B7 /* FeatureCard.swift in Sources */,
				B347872628999D40004A1A6C /* HikeGraph.swift in Sources */,
				B347871A28999454004A1A6C /* Badge.swift in Sources */,
				B3741D5F2894FBCC007537D6 /* ContentView.swift in Sources */,
				B347872528999D40004A1A6C /* GraphCapsule.swift in Sources */,
				B3741D8F28958B94007537D6 /* MapView.swift in Sources */,
				B38FEBD028A4B5C900C42774 /* PageControl.swift in Sources */,
				B347871F289995F0004A1A6C /* Hike.swift in Sources */,
				B3478733289AD837004A1A6C /* CategoryItem.swift in Sources */,
				B347872728999D40004A1A6C /* HikeDetail.swift in Sources */,
				B31EB658289C13F0003658AF /* ProfileSummary.swift in Sources */,
				B3741D5D2894FBCC007537D6 /* PruebaApp.swift in Sources */,
				B36D1723289B90FB00A6E769 /* ProfileHost.swift in Sources */,
				B323D99C2896622500E6BBF7 /* FavoriteButton.swift in Sources */,
				B3478718289993E1004A1A6C /* RotatedBadgeSymbol.swift in Sources */,
				B3FD708028A625D90003C4CC /* LandmarkList.swift in Sources */,
				B347887628A021D300E2D8B7 /* PageView.swift in Sources */,
				B3478716289993B9004A1A6C /* BadgeSymbol.swift in Sources */,
				B3478869289EDB5D00E2D8B7 /* ProfileEditor.swift in Sources */,
				B347872828999D40004A1A6C /* HikeView.swift in Sources */,
				B3C4E50C28961E9200EF1140 /* LandmarkDetail.swift in Sources */,
				B347886E289EF6D300E2D8B7 /* PageViewController.swift in Sources */,
				B3C9C59B289779A900B22281 /* BadgeBackground.swift in Sources */,
				B3B3CF46289C2D7600EFF6F5 /* HikeBadge.swift in Sources */,
				B3741D8D289506D8007537D6 /* CircleImage.swift in Sources */,
				B3C4E4F12895DF4700EF1140 /* Landmark.swift in Sources */,
				B3C4E5082896139800EF1140 /* LandmarkRow.swift in Sources */,
				B3C4E4F32895F24C00EF1140 /* ModelData.swift in Sources */,
			);
			runOnlyForDeploymentPostprocessing = 0;
		};
		B3741D652894FBCC007537D6 /* Sources */ = {
			isa = PBXSourcesBuildPhase;
			buildActionMask = 2147483647;
			files = (
				B3741D6E2894FBCC007537D6 /* PruebaTests.swift in Sources */,
			);
			runOnlyForDeploymentPostprocessing = 0;
		};
		B3741D6F2894FBCC007537D6 /* Sources */ = {
			isa = PBXSourcesBuildPhase;
			buildActionMask = 2147483647;
			files = (
				B3741D782894FBCC007537D6 /* PruebaUITests.swift in Sources */,
				B3741D7A2894FBCC007537D6 /* PruebaUITestsLaunchTests.swift in Sources */,
			);
			runOnlyForDeploymentPostprocessing = 0;
		};
		B38FEBD728A6112600C42774 /* Sources */ = {
			isa = PBXSourcesBuildPhase;
			buildActionMask = 2147483647;
			files = (
				B38FEBE528A6112600C42774 /* NotificationController.swift in Sources */,
				B38FEC0828A6132C00C42774 /* PruebaApp.swift in Sources */,
				B38FEBFF28A612AE00C42774 /* Profile.swift in Sources */,
				B3FD708828A62B360003C4CC /* LandmarkList.swift in Sources */,
				B38FEBE328A6112600C42774 /* ContentView.swift in Sources */,
				B38FEC0028A612AE00C42774 /* Hike.swift in Sources */,
				B38FEC0628A612AE00C42774 /* CircleImage.swift in Sources */,
				B3FD708328A629190003C4CC /* MapView.swift in Sources */,
				B38FEBE928A6112600C42774 /* ComplicationController.swift in Sources */,
				B38FEC0228A612AE00C42774 /* Landmark.swift in Sources */,
				B38FEC0128A612AE00C42774 /* ModelData.swift in Sources */,
				B38FEBFE28A6124000C42774 /* LandmarkDetail.swift in Sources */,
				B38FEC0328A612AE00C42774 /* LandmarkRow.swift in Sources */,
				B38FEBE728A6112600C42774 /* NotificationView.swift in Sources */,
			);
			runOnlyForDeploymentPostprocessing = 0;
		};
		B38FEC0A28A618B100C42774 /* Sources */ = {
			isa = PBXSourcesBuildPhase;
			buildActionMask = 2147483647;
			files = (
				B38FEC2E28A619DF00C42774 /* Hike.swift in Sources */,
				B38FEC3528A619DF00C42774 /* Profile.swift in Sources */,
				B33B620A28A6FE28002055E5 /* LandmarkSettings.swift in Sources */,
				B38FEC3428A619DF00C42774 /* Landmark.swift in Sources */,
				B38FEC3028A619DF00C42774 /* CircleImage.swift in Sources */,
				B33B620528A6C5EE002055E5 /* LandmarkCommands.swift in Sources */,
				B38FEC3828A61A1200C42774 /* LandmarkDetail.swift in Sources */,
				B38FEC3328A619DF00C42774 /* PruebaApp.swift in Sources */,
				B38FEC3128A619DF00C42774 /* ModelData.swift in Sources */,
				B38FEC1328A618B100C42774 /* ContentView.swift in Sources */,
				B38FEC2B28A619DF00C42774 /* MapView.swift in Sources */,
				B38FEC2F28A619DF00C42774 /* LandmarkList.swift in Sources */,
				B38FEC2D28A619DF00C42774 /* LandmarkRow.swift in Sources */,
				B38FEC2C28A619DF00C42774 /* FavoriteButton.swift in Sources */,
			);
			runOnlyForDeploymentPostprocessing = 0;
		};
/* End PBXSourcesBuildPhase section */

/* Begin PBXTargetDependency section */
		B3741D6B2894FBCC007537D6 /* PBXTargetDependency */ = {
			isa = PBXTargetDependency;
			target = B3741D582894FBCC007537D6 /* Prueba */;
			targetProxy = B3741D6A2894FBCC007537D6 /* PBXContainerItemProxy */;
		};
		B3741D752894FBCC007537D6 /* PBXTargetDependency */ = {
			isa = PBXTargetDependency;
			target = B3741D582894FBCC007537D6 /* Prueba */;
			targetProxy = B3741D742894FBCC007537D6 /* PBXContainerItemProxy */;
		};
		B38FEBDE28A6112600C42774 /* PBXTargetDependency */ = {
			isa = PBXTargetDependency;
			target = B38FEBDA28A6112600C42774 /* WatchLandmarks WatchKit Extension */;
			targetProxy = B38FEBDD28A6112600C42774 /* PBXContainerItemProxy */;
		};
		B38FEBF228A6112700C42774 /* PBXTargetDependency */ = {
			isa = PBXTargetDependency;
			target = B38FEBD228A6112500C42774 /* WatchLandmarks */;
			targetProxy = B38FEBF128A6112700C42774 /* PBXContainerItemProxy */;
		};
/* End PBXTargetDependency section */

/* Begin XCBuildConfiguration section */
		B3741D7B2894FBCC007537D6 /* Debug */ = {
			isa = XCBuildConfiguration;
			buildSettings = {
				ALWAYS_SEARCH_USER_PATHS = NO;
				CLANG_ANALYZER_NONNULL = YES;
				CLANG_ANALYZER_NUMBER_OBJECT_CONVERSION = YES_AGGRESSIVE;
				CLANG_CXX_LANGUAGE_STANDARD = "gnu++17";
				CLANG_ENABLE_MODULES = YES;
				CLANG_ENABLE_OBJC_ARC = YES;
				CLANG_ENABLE_OBJC_WEAK = YES;
				CLANG_WARN_BLOCK_CAPTURE_AUTORELEASING = YES;
				CLANG_WARN_BOOL_CONVERSION = YES;
				CLANG_WARN_COMMA = YES;
				CLANG_WARN_CONSTANT_CONVERSION = YES;
				CLANG_WARN_DEPRECATED_OBJC_IMPLEMENTATIONS = YES;
				CLANG_WARN_DIRECT_OBJC_ISA_USAGE = YES_ERROR;
				CLANG_WARN_DOCUMENTATION_COMMENTS = YES;
				CLANG_WARN_EMPTY_BODY = YES;
				CLANG_WARN_ENUM_CONVERSION = YES;
				CLANG_WARN_INFINITE_RECURSION = YES;
				CLANG_WARN_INT_CONVERSION = YES;
				CLANG_WARN_NON_LITERAL_NULL_CONVERSION = YES;
				CLANG_WARN_OBJC_IMPLICIT_RETAIN_SELF = YES;
				CLANG_WARN_OBJC_LITERAL_CONVERSION = YES;
				CLANG_WARN_OBJC_ROOT_CLASS = YES_ERROR;
				CLANG_WARN_QUOTED_INCLUDE_IN_FRAMEWORK_HEADER = YES;
				CLANG_WARN_RANGE_LOOP_ANALYSIS = YES;
				CLANG_WARN_STRICT_PROTOTYPES = YES;
				CLANG_WARN_SUSPICIOUS_MOVE = YES;
				CLANG_WARN_UNGUARDED_AVAILABILITY = YES_AGGRESSIVE;
				CLANG_WARN_UNREACHABLE_CODE = YES;
				CLANG_WARN__DUPLICATE_METHOD_MATCH = YES;
				COPY_PHASE_STRIP = NO;
				DEBUG_INFORMATION_FORMAT = dwarf;
				ENABLE_STRICT_OBJC_MSGSEND = YES;
				ENABLE_TESTABILITY = YES;
				GCC_C_LANGUAGE_STANDARD = gnu11;
				GCC_DYNAMIC_NO_PIC = NO;
				GCC_NO_COMMON_BLOCKS = YES;
				GCC_OPTIMIZATION_LEVEL = 0;
				GCC_PREPROCESSOR_DEFINITIONS = (
					"DEBUG=1",
					"$(inherited)",
				);
				GCC_WARN_64_TO_32_BIT_CONVERSION = YES;
				GCC_WARN_ABOUT_RETURN_TYPE = YES_ERROR;
				GCC_WARN_UNDECLARED_SELECTOR = YES;
				GCC_WARN_UNINITIALIZED_AUTOS = YES_AGGRESSIVE;
				GCC_WARN_UNUSED_FUNCTION = YES;
				GCC_WARN_UNUSED_VARIABLE = YES;
				IPHONEOS_DEPLOYMENT_TARGET = 15.5;
				MTL_ENABLE_DEBUG_INFO = INCLUDE_SOURCE;
				MTL_FAST_MATH = YES;
				ONLY_ACTIVE_ARCH = YES;
				SDKROOT = iphoneos;
				SWIFT_ACTIVE_COMPILATION_CONDITIONS = DEBUG;
				SWIFT_OPTIMIZATION_LEVEL = "-Onone";
			};
			name = Debug;
		};
		B3741D7C2894FBCC007537D6 /* Release */ = {
			isa = XCBuildConfiguration;
			buildSettings = {
				ALWAYS_SEARCH_USER_PATHS = NO;
				CLANG_ANALYZER_NONNULL = YES;
				CLANG_ANALYZER_NUMBER_OBJECT_CONVERSION = YES_AGGRESSIVE;
				CLANG_CXX_LANGUAGE_STANDARD = "gnu++17";
				CLANG_ENABLE_MODULES = YES;
				CLANG_ENABLE_OBJC_ARC = YES;
				CLANG_ENABLE_OBJC_WEAK = YES;
				CLANG_WARN_BLOCK_CAPTURE_AUTORELEASING = YES;
				CLANG_WARN_BOOL_CONVERSION = YES;
				CLANG_WARN_COMMA = YES;
				CLANG_WARN_CONSTANT_CONVERSION = YES;
				CLANG_WARN_DEPRECATED_OBJC_IMPLEMENTATIONS = YES;
				CLANG_WARN_DIRECT_OBJC_ISA_USAGE = YES_ERROR;
				CLANG_WARN_DOCUMENTATION_COMMENTS = YES;
				CLANG_WARN_EMPTY_BODY = YES;
				CLANG_WARN_ENUM_CONVERSION = YES;
				CLANG_WARN_INFINITE_RECURSION = YES;
				CLANG_WARN_INT_CONVERSION = YES;
				CLANG_WARN_NON_LITERAL_NULL_CONVERSION = YES;
				CLANG_WARN_OBJC_IMPLICIT_RETAIN_SELF = YES;
				CLANG_WARN_OBJC_LITERAL_CONVERSION = YES;
				CLANG_WARN_OBJC_ROOT_CLASS = YES_ERROR;
				CLANG_WARN_QUOTED_INCLUDE_IN_FRAMEWORK_HEADER = YES;
				CLANG_WARN_RANGE_LOOP_ANALYSIS = YES;
				CLANG_WARN_STRICT_PROTOTYPES = YES;
				CLANG_WARN_SUSPICIOUS_MOVE = YES;
				CLANG_WARN_UNGUARDED_AVAILABILITY = YES_AGGRESSIVE;
				CLANG_WARN_UNREACHABLE_CODE = YES;
				CLANG_WARN__DUPLICATE_METHOD_MATCH = YES;
				COPY_PHASE_STRIP = NO;
				DEBUG_INFORMATION_FORMAT = "dwarf-with-dsym";
				ENABLE_NS_ASSERTIONS = NO;
				ENABLE_STRICT_OBJC_MSGSEND = YES;
				GCC_C_LANGUAGE_STANDARD = gnu11;
				GCC_NO_COMMON_BLOCKS = YES;
				GCC_WARN_64_TO_32_BIT_CONVERSION = YES;
				GCC_WARN_ABOUT_RETURN_TYPE = YES_ERROR;
				GCC_WARN_UNDECLARED_SELECTOR = YES;
				GCC_WARN_UNINITIALIZED_AUTOS = YES_AGGRESSIVE;
				GCC_WARN_UNUSED_FUNCTION = YES;
				GCC_WARN_UNUSED_VARIABLE = YES;
				IPHONEOS_DEPLOYMENT_TARGET = 15.5;
				MTL_ENABLE_DEBUG_INFO = NO;
				MTL_FAST_MATH = YES;
				SDKROOT = iphoneos;
				SWIFT_COMPILATION_MODE = wholemodule;
				SWIFT_OPTIMIZATION_LEVEL = "-O";
				VALIDATE_PRODUCT = YES;
			};
			name = Release;
		};
		B3741D7E2894FBCC007537D6 /* Debug */ = {
			isa = XCBuildConfiguration;
			buildSettings = {
				ASSETCATALOG_COMPILER_APPICON_NAME = AppIcon;
				ASSETCATALOG_COMPILER_GLOBAL_ACCENT_COLOR_NAME = AccentColor;
				CODE_SIGN_STYLE = Automatic;
				CURRENT_PROJECT_VERSION = 1;
				DEVELOPMENT_ASSET_PATHS = "\"Prueba/Preview Content\"";
				DEVELOPMENT_TEAM = DTR7V322S6;
				ENABLE_PREVIEWS = YES;
				GENERATE_INFOPLIST_FILE = YES;
				INFOPLIST_KEY_UIApplicationSceneManifest_Generation = YES;
				INFOPLIST_KEY_UIApplicationSupportsIndirectInputEvents = YES;
				INFOPLIST_KEY_UILaunchScreen_Generation = YES;
				INFOPLIST_KEY_UISupportedInterfaceOrientations_iPad = "UIInterfaceOrientationPortrait UIInterfaceOrientationPortraitUpsideDown UIInterfaceOrientationLandscapeLeft UIInterfaceOrientationLandscapeRight";
				INFOPLIST_KEY_UISupportedInterfaceOrientations_iPhone = "UIInterfaceOrientationPortrait UIInterfaceOrientationLandscapeLeft UIInterfaceOrientationLandscapeRight";
				LD_RUNPATH_SEARCH_PATHS = (
					"$(inherited)",
					"@executable_path/Frameworks",
				);
				MARKETING_VERSION = 1.0;
				PRODUCT_BUNDLE_IDENTIFIER = com.corack.Prueba;
				PRODUCT_NAME = "$(TARGET_NAME)";
				SWIFT_EMIT_LOC_STRINGS = YES;
				SWIFT_VERSION = 5.0;
				TARGETED_DEVICE_FAMILY = "1,2";
			};
			name = Debug;
		};
		B3741D7F2894FBCC007537D6 /* Release */ = {
			isa = XCBuildConfiguration;
			buildSettings = {
				ASSETCATALOG_COMPILER_APPICON_NAME = AppIcon;
				ASSETCATALOG_COMPILER_GLOBAL_ACCENT_COLOR_NAME = AccentColor;
				CODE_SIGN_STYLE = Automatic;
				CURRENT_PROJECT_VERSION = 1;
				DEVELOPMENT_ASSET_PATHS = "\"Prueba/Preview Content\"";
				DEVELOPMENT_TEAM = DTR7V322S6;
				ENABLE_PREVIEWS = YES;
				GENERATE_INFOPLIST_FILE = YES;
				INFOPLIST_KEY_UIApplicationSceneManifest_Generation = YES;
				INFOPLIST_KEY_UIApplicationSupportsIndirectInputEvents = YES;
				INFOPLIST_KEY_UILaunchScreen_Generation = YES;
				INFOPLIST_KEY_UISupportedInterfaceOrientations_iPad = "UIInterfaceOrientationPortrait UIInterfaceOrientationPortraitUpsideDown UIInterfaceOrientationLandscapeLeft UIInterfaceOrientationLandscapeRight";
				INFOPLIST_KEY_UISupportedInterfaceOrientations_iPhone = "UIInterfaceOrientationPortrait UIInterfaceOrientationLandscapeLeft UIInterfaceOrientationLandscapeRight";
				LD_RUNPATH_SEARCH_PATHS = (
					"$(inherited)",
					"@executable_path/Frameworks",
				);
				MARKETING_VERSION = 1.0;
				PRODUCT_BUNDLE_IDENTIFIER = com.corack.Prueba;
				PRODUCT_NAME = "$(TARGET_NAME)";
				SWIFT_EMIT_LOC_STRINGS = YES;
				SWIFT_VERSION = 5.0;
				TARGETED_DEVICE_FAMILY = "1,2";
			};
			name = Release;
		};
		B3741D812894FBCC007537D6 /* Debug */ = {
			isa = XCBuildConfiguration;
			buildSettings = {
				ALWAYS_EMBED_SWIFT_STANDARD_LIBRARIES = YES;
				BUNDLE_LOADER = "$(TEST_HOST)";
				CODE_SIGN_STYLE = Automatic;
				CURRENT_PROJECT_VERSION = 1;
				DEVELOPMENT_TEAM = DTR7V322S6;
				GENERATE_INFOPLIST_FILE = YES;
				IPHONEOS_DEPLOYMENT_TARGET = 15.5;
				MARKETING_VERSION = 1.0;
				PRODUCT_BUNDLE_IDENTIFIER = com.corack.PruebaTests;
				PRODUCT_NAME = "$(TARGET_NAME)";
				SWIFT_EMIT_LOC_STRINGS = NO;
				SWIFT_VERSION = 5.0;
				TARGETED_DEVICE_FAMILY = "1,2";
				TEST_HOST = "$(BUILT_PRODUCTS_DIR)/Prueba.app/Prueba";
			};
			name = Debug;
		};
		B3741D822894FBCC007537D6 /* Release */ = {
			isa = XCBuildConfiguration;
			buildSettings = {
				ALWAYS_EMBED_SWIFT_STANDARD_LIBRARIES = YES;
				BUNDLE_LOADER = "$(TEST_HOST)";
				CODE_SIGN_STYLE = Automatic;
				CURRENT_PROJECT_VERSION = 1;
				DEVELOPMENT_TEAM = DTR7V322S6;
				GENERATE_INFOPLIST_FILE = YES;
				IPHONEOS_DEPLOYMENT_TARGET = 15.5;
				MARKETING_VERSION = 1.0;
				PRODUCT_BUNDLE_IDENTIFIER = com.corack.PruebaTests;
				PRODUCT_NAME = "$(TARGET_NAME)";
				SWIFT_EMIT_LOC_STRINGS = NO;
				SWIFT_VERSION = 5.0;
				TARGETED_DEVICE_FAMILY = "1,2";
				TEST_HOST = "$(BUILT_PRODUCTS_DIR)/Prueba.app/Prueba";
			};
			name = Release;
		};
		B3741D842894FBCC007537D6 /* Debug */ = {
			isa = XCBuildConfiguration;
			buildSettings = {
				ALWAYS_EMBED_SWIFT_STANDARD_LIBRARIES = YES;
				CODE_SIGN_STYLE = Automatic;
				CURRENT_PROJECT_VERSION = 1;
				DEVELOPMENT_TEAM = DTR7V322S6;
				GENERATE_INFOPLIST_FILE = YES;
				MARKETING_VERSION = 1.0;
				PRODUCT_BUNDLE_IDENTIFIER = com.corack.PruebaUITests;
				PRODUCT_NAME = "$(TARGET_NAME)";
				SWIFT_EMIT_LOC_STRINGS = NO;
				SWIFT_VERSION = 5.0;
				TARGETED_DEVICE_FAMILY = "1,2";
				TEST_TARGET_NAME = Prueba;
			};
			name = Debug;
		};
		B3741D852894FBCC007537D6 /* Release */ = {
			isa = XCBuildConfiguration;
			buildSettings = {
				ALWAYS_EMBED_SWIFT_STANDARD_LIBRARIES = YES;
				CODE_SIGN_STYLE = Automatic;
				CURRENT_PROJECT_VERSION = 1;
				DEVELOPMENT_TEAM = DTR7V322S6;
				GENERATE_INFOPLIST_FILE = YES;
				MARKETING_VERSION = 1.0;
				PRODUCT_BUNDLE_IDENTIFIER = com.corack.PruebaUITests;
				PRODUCT_NAME = "$(TARGET_NAME)";
				SWIFT_EMIT_LOC_STRINGS = NO;
				SWIFT_VERSION = 5.0;
				TARGETED_DEVICE_FAMILY = "1,2";
				TEST_TARGET_NAME = Prueba;
			};
			name = Release;
		};
		B38FEBF528A6112700C42774 /* Debug */ = {
			isa = XCBuildConfiguration;
			buildSettings = {
				ASSETCATALOG_COMPILER_COMPLICATION_NAME = Complication;
				CODE_SIGN_STYLE = Automatic;
				CURRENT_PROJECT_VERSION = 1;
				DEVELOPMENT_ASSET_PATHS = "\"WatchLandmarks WatchKit Extension/Preview Content\"";
				DEVELOPMENT_TEAM = DTR7V322S6;
				ENABLE_PREVIEWS = YES;
				GENERATE_INFOPLIST_FILE = YES;
				INFOPLIST_FILE = "WatchLandmarks WatchKit Extension/Info.plist";
				INFOPLIST_KEY_CFBundleDisplayName = "WatchLandmarks WatchKit Extension";
				INFOPLIST_KEY_CLKComplicationPrincipalClass = WatchLandmarks_WatchKit_Extension.ComplicationController;
				INFOPLIST_KEY_NSHumanReadableCopyright = "";
				INFOPLIST_KEY_WKRunsIndependentlyOfCompanionApp = YES;
				LD_RUNPATH_SEARCH_PATHS = (
					"$(inherited)",
					"@executable_path/Frameworks",
					"@executable_path/../../Frameworks",
				);
				MARKETING_VERSION = 1.0;
				PRODUCT_BUNDLE_IDENTIFIER = com.corack.Prueba.watchkitapp.watchkitextension;
				PRODUCT_NAME = "${TARGET_NAME}";
				SDKROOT = watchos;
				SKIP_INSTALL = YES;
				SWIFT_EMIT_LOC_STRINGS = YES;
				SWIFT_VERSION = 5.0;
				TARGETED_DEVICE_FAMILY = 4;
				WATCHOS_DEPLOYMENT_TARGET = 8.5;
			};
			name = Debug;
		};
		B38FEBF628A6112700C42774 /* Release */ = {
			isa = XCBuildConfiguration;
			buildSettings = {
				ASSETCATALOG_COMPILER_COMPLICATION_NAME = Complication;
				CODE_SIGN_STYLE = Automatic;
				CURRENT_PROJECT_VERSION = 1;
				DEVELOPMENT_ASSET_PATHS = "\"WatchLandmarks WatchKit Extension/Preview Content\"";
				DEVELOPMENT_TEAM = DTR7V322S6;
				ENABLE_PREVIEWS = YES;
				GENERATE_INFOPLIST_FILE = YES;
				INFOPLIST_FILE = "WatchLandmarks WatchKit Extension/Info.plist";
				INFOPLIST_KEY_CFBundleDisplayName = "WatchLandmarks WatchKit Extension";
				INFOPLIST_KEY_CLKComplicationPrincipalClass = WatchLandmarks_WatchKit_Extension.ComplicationController;
				INFOPLIST_KEY_NSHumanReadableCopyright = "";
				INFOPLIST_KEY_WKRunsIndependentlyOfCompanionApp = YES;
				LD_RUNPATH_SEARCH_PATHS = (
					"$(inherited)",
					"@executable_path/Frameworks",
					"@executable_path/../../Frameworks",
				);
				MARKETING_VERSION = 1.0;
				PRODUCT_BUNDLE_IDENTIFIER = com.corack.Prueba.watchkitapp.watchkitextension;
				PRODUCT_NAME = "${TARGET_NAME}";
				SDKROOT = watchos;
				SKIP_INSTALL = YES;
				SWIFT_EMIT_LOC_STRINGS = YES;
				SWIFT_VERSION = 5.0;
				TARGETED_DEVICE_FAMILY = 4;
				WATCHOS_DEPLOYMENT_TARGET = 8.5;
			};
			name = Release;
		};
		B38FEBF928A6112700C42774 /* Debug */ = {
			isa = XCBuildConfiguration;
			buildSettings = {
				ALWAYS_EMBED_SWIFT_STANDARD_LIBRARIES = YES;
				ASSETCATALOG_COMPILER_APPICON_NAME = AppIcon;
				ASSETCATALOG_COMPILER_GLOBAL_ACCENT_COLOR_NAME = AccentColor;
				CODE_SIGN_STYLE = Automatic;
				CURRENT_PROJECT_VERSION = 1;
				DEVELOPMENT_TEAM = DTR7V322S6;
				GENERATE_INFOPLIST_FILE = YES;
				IBSC_MODULE = WatchLandmarks_WatchKit_Extension;
				INFOPLIST_KEY_CFBundleDisplayName = WatchLandmarks;
				INFOPLIST_KEY_UISupportedInterfaceOrientations = "UIInterfaceOrientationPortrait UIInterfaceOrientationPortraitUpsideDown";
				INFOPLIST_KEY_WKCompanionAppBundleIdentifier = com.corack.Prueba;
				MARKETING_VERSION = 1.0;
				PRODUCT_BUNDLE_IDENTIFIER = com.corack.Prueba.watchkitapp;
				PRODUCT_NAME = "$(TARGET_NAME)";
				SDKROOT = watchos;
				SKIP_INSTALL = YES;
				SWIFT_EMIT_LOC_STRINGS = YES;
				SWIFT_VERSION = 5.0;
				TARGETED_DEVICE_FAMILY = 4;
				WATCHOS_DEPLOYMENT_TARGET = 8.5;
			};
			name = Debug;
		};
		B38FEBFA28A6112700C42774 /* Release */ = {
			isa = XCBuildConfiguration;
			buildSettings = {
				ALWAYS_EMBED_SWIFT_STANDARD_LIBRARIES = YES;
				ASSETCATALOG_COMPILER_APPICON_NAME = AppIcon;
				ASSETCATALOG_COMPILER_GLOBAL_ACCENT_COLOR_NAME = AccentColor;
				CODE_SIGN_STYLE = Automatic;
				CURRENT_PROJECT_VERSION = 1;
				DEVELOPMENT_TEAM = DTR7V322S6;
				GENERATE_INFOPLIST_FILE = YES;
				IBSC_MODULE = WatchLandmarks_WatchKit_Extension;
				INFOPLIST_KEY_CFBundleDisplayName = WatchLandmarks;
				INFOPLIST_KEY_UISupportedInterfaceOrientations = "UIInterfaceOrientationPortrait UIInterfaceOrientationPortraitUpsideDown";
				INFOPLIST_KEY_WKCompanionAppBundleIdentifier = com.corack.Prueba;
				MARKETING_VERSION = 1.0;
				PRODUCT_BUNDLE_IDENTIFIER = com.corack.Prueba.watchkitapp;
				PRODUCT_NAME = "$(TARGET_NAME)";
				SDKROOT = watchos;
				SKIP_INSTALL = YES;
				SWIFT_EMIT_LOC_STRINGS = YES;
				SWIFT_VERSION = 5.0;
				TARGETED_DEVICE_FAMILY = 4;
				WATCHOS_DEPLOYMENT_TARGET = 8.5;
			};
			name = Release;
		};
		B38FEC1B28A618B200C42774 /* Debug */ = {
			isa = XCBuildConfiguration;
			buildSettings = {
				ASSETCATALOG_COMPILER_APPICON_NAME = AppIcon;
				ASSETCATALOG_COMPILER_GLOBAL_ACCENT_COLOR_NAME = AccentColor;
				CODE_SIGN_ENTITLEMENTS = MacLandmarks/MacLandmarks.entitlements;
				CODE_SIGN_STYLE = Automatic;
				COMBINE_HIDPI_IMAGES = YES;
				CURRENT_PROJECT_VERSION = 1;
				DEVELOPMENT_ASSET_PATHS = "\"MacLandmarks/Preview Content\"";
				DEVELOPMENT_TEAM = DTR7V322S6;
				ENABLE_HARDENED_RUNTIME = YES;
				ENABLE_PREVIEWS = YES;
				GENERATE_INFOPLIST_FILE = YES;
				INFOPLIST_KEY_NSHumanReadableCopyright = "";
				LD_RUNPATH_SEARCH_PATHS = (
					"$(inherited)",
					"@executable_path/../Frameworks",
				);
				MACOSX_DEPLOYMENT_TARGET = 12.3;
				MARKETING_VERSION = 1.0;
				PRODUCT_BUNDLE_IDENTIFIER = com.corack.MacLandmarks;
				PRODUCT_NAME = "$(TARGET_NAME)";
				SDKROOT = macosx;
				SWIFT_EMIT_LOC_STRINGS = YES;
				SWIFT_VERSION = 5.0;
			};
			name = Debug;
		};
		B38FEC1C28A618B200C42774 /* Release */ = {
			isa = XCBuildConfiguration;
			buildSettings = {
				ASSETCATALOG_COMPILER_APPICON_NAME = AppIcon;
				ASSETCATALOG_COMPILER_GLOBAL_ACCENT_COLOR_NAME = AccentColor;
				CODE_SIGN_ENTITLEMENTS = MacLandmarks/MacLandmarks.entitlements;
				CODE_SIGN_STYLE = Automatic;
				COMBINE_HIDPI_IMAGES = YES;
				CURRENT_PROJECT_VERSION = 1;
				DEVELOPMENT_ASSET_PATHS = "\"MacLandmarks/Preview Content\"";
				DEVELOPMENT_TEAM = DTR7V322S6;
				ENABLE_HARDENED_RUNTIME = YES;
				ENABLE_PREVIEWS = YES;
				GENERATE_INFOPLIST_FILE = YES;
				INFOPLIST_KEY_NSHumanReadableCopyright = "";
				LD_RUNPATH_SEARCH_PATHS = (
					"$(inherited)",
					"@executable_path/../Frameworks",
				);
				MACOSX_DEPLOYMENT_TARGET = 12.3;
				MARKETING_VERSION = 1.0;
				PRODUCT_BUNDLE_IDENTIFIER = com.corack.MacLandmarks;
				PRODUCT_NAME = "$(TARGET_NAME)";
				SDKROOT = macosx;
				SWIFT_EMIT_LOC_STRINGS = YES;
				SWIFT_VERSION = 5.0;
			};
			name = Release;
		};
/* End XCBuildConfiguration section */

/* Begin XCConfigurationList section */
		B3741D542894FBCC007537D6 /* Build configuration list for PBXProject "Prueba" */ = {
			isa = XCConfigurationList;
			buildConfigurations = (
				B3741D7B2894FBCC007537D6 /* Debug */,
				B3741D7C2894FBCC007537D6 /* Release */,
			);
			defaultConfigurationIsVisible = 0;
			defaultConfigurationName = Release;
		};
		B3741D7D2894FBCC007537D6 /* Build configuration list for PBXNativeTarget "Prueba" */ = {
			isa = XCConfigurationList;
			buildConfigurations = (
				B3741D7E2894FBCC007537D6 /* Debug */,
				B3741D7F2894FBCC007537D6 /* Release */,
			);
			defaultConfigurationIsVisible = 0;
			defaultConfigurationName = Release;
		};
		B3741D802894FBCC007537D6 /* Build configuration list for PBXNativeTarget "PruebaTests" */ = {
			isa = XCConfigurationList;
			buildConfigurations = (
				B3741D812894FBCC007537D6 /* Debug */,
				B3741D822894FBCC007537D6 /* Release */,
			);
			defaultConfigurationIsVisible = 0;
			defaultConfigurationName = Release;
		};
		B3741D832894FBCC007537D6 /* Build configuration list for PBXNativeTarget "PruebaUITests" */ = {
			isa = XCConfigurationList;
			buildConfigurations = (
				B3741D842894FBCC007537D6 /* Debug */,
				B3741D852894FBCC007537D6 /* Release */,
			);
			defaultConfigurationIsVisible = 0;
			defaultConfigurationName = Release;
		};
		B38FEBF428A6112700C42774 /* Build configuration list for PBXNativeTarget "WatchLandmarks WatchKit Extension" */ = {
			isa = XCConfigurationList;
			buildConfigurations = (
				B38FEBF528A6112700C42774 /* Debug */,
				B38FEBF628A6112700C42774 /* Release */,
			);
			defaultConfigurationIsVisible = 0;
			defaultConfigurationName = Release;
		};
		B38FEBF828A6112700C42774 /* Build configuration list for PBXNativeTarget "WatchLandmarks" */ = {
			isa = XCConfigurationList;
			buildConfigurations = (
				B38FEBF928A6112700C42774 /* Debug */,
				B38FEBFA28A6112700C42774 /* Release */,
			);
			defaultConfigurationIsVisible = 0;
			defaultConfigurationName = Release;
		};
		B38FEC1A28A618B200C42774 /* Build configuration list for PBXNativeTarget "MacLandmarks" */ = {
			isa = XCConfigurationList;
			buildConfigurations = (
				B38FEC1B28A618B200C42774 /* Debug */,
				B38FEC1C28A618B200C42774 /* Release */,
			);
			defaultConfigurationIsVisible = 0;
			defaultConfigurationName = Release;
		};
/* End XCConfigurationList section */
	};
	rootObject = B3741D512894FBCC007537D6 /* Project object */;
}
